
Microsoft Visual Studio Solution File, Format Version 12.00
# Visual Studio Version 17
VisualStudioVersion = 17.8.34316.72
MinimumVisualStudioVersion = 10.0.40219.1
Project("{2150E333-8FDC-42A3-9474-1A3956D46DE8}") = "Services", "Services", "{AE7B53E1-78EC-41A3-A871-23809CF4794B}"
EndProject
Project("{2150E333-8FDC-42A3-9474-1A3956D46DE8}") = "Catalog", "Catalog", "{ADEA59B8-DAA2-4424-8F41-A647750BE958}"
EndProject
Project("{9A19103F-16F7-4668-BE54-9A1E7A4F7556}") = "Catalog.API", "Services\Catalog\Catalog.API\Catalog.API.csproj", "{B09C0FB8-8636-4A67-96CF-CAAFDA1897D0}"
EndProject
Project("{2150E333-8FDC-42A3-9474-1A3956D46DE8}") = "Basket", "Basket", "{BE745C03-42ED-493A-A8E5-DDE58399743D}"
EndProject
Project("{9A19103F-16F7-4668-BE54-9A1E7A4F7556}") = "Basket.API", "Services\Basket\Basket.API\Basket.API.csproj", "{27B03EDA-C2A5-4C01-92A1-C01AAD86A2DF}"
EndProject
Project("{2150E333-8FDC-42A3-9474-1A3956D46DE8}") = "BuildingBlocks", "BuildingBlocks", "{08045DC4-94A6-4071-B6E7-79FC23D9905E}"
EndProject
Project("{9A19103F-16F7-4668-BE54-9A1E7A4F7556}") = "BuildingBlocks", "BuildingBlocks\BuildingBlocks\BuildingBlocks.csproj", "{3781CE3F-652C-4BF4-8EFB-8C7BB159FE81}"
EndProject
Project("{E53339B2-1760-4266-BCC7-CA923CBCF16C}") = "docker-compose", "docker-compose.dcproj", "{7BF1D5EF-7523-42B8-A9E0-A2653AFDD08B}"
EndProject
Project("{2150E333-8FDC-42A3-9474-1A3956D46DE8}") = "Discount", "Discount", "{DA449F3D-29FD-44F8-AACF-491671B1929A}"
EndProject
Project("{FAE04EC0-301F-11D3-BF4B-00C04F79EFBC}") = "Discount.Grpc", "Services\Discount\Discount.Grpc\Discount.Grpc.csproj", "{A6533589-BCE5-4375-BA9F-7E6465598F7F}"
EndProject
Project("{2150E333-8FDC-42A3-9474-1A3956D46DE8}") = "Ordering", "Ordering", "{02EA681E-C7D8-13C7-8484-4AC65E1B71E8}"
EndProject
Project("{FAE04EC0-301F-11D3-BF4B-00C04F79EFBC}") = "Ordering.API", "Services\Ordering\Ordering.API\Ordering.API.csproj", "{40CDCABF-8931-4A48-B7F2-79AE0D316F77}"
EndProject
Project("{FAE04EC0-301F-11D3-BF4B-00C04F79EFBC}") = "Ordering.Domain", "Services\Ordering\Ordering.Domain\Ordering.Domain.csproj", "{AB165174-7F8A-4FD9-ADD2-2ED7DE435393}"
EndProject
Project("{FAE04EC0-301F-11D3-BF4B-00C04F79EFBC}") = "Ordering.Application", "Services\Ordering\Ordering.Application\Ordering.Application.csproj", "{9D75119C-BE59-4952-8A75-F580DD898735}"
EndProject
Project("{FAE04EC0-301F-11D3-BF4B-00C04F79EFBC}") = "Ordering.Infrastructure", "Services\Ordering\Ordering.Infrastructure\Ordering.Infrastructure.csproj", "{3F19636A-B2A9-4EE5-AB4C-0CFE43ABC18B}"
EndProject
Project("{FAE04EC0-301F-11D3-BF4B-00C04F79EFBC}") = "BuildingBlocks.Messaging", "BuildingBlocks\BuildingBlocks.Messaging\BuildingBlocks.Messaging.csproj", "{7FA2D4D3-4DA0-4FDA-8748-EED6DB7C3054}"
EndProject
Project("{2150E333-8FDC-42A3-9474-1A3956D46DE8}") = "ApiGateways", "ApiGateways", "{E7118DC9-3D5E-443C-BD86-E86DEBBF22C3}"
EndProject
Project("{FAE04EC0-301F-11D3-BF4B-00C04F79EFBC}") = "YarpApiGateway", "ApiGateways\YarpApiGateway\YarpApiGateway.csproj", "{D8E6F244-0776-491F-BD2C-EDFAF9D02A6A}"
EndProject
Global
	GlobalSection(SolutionConfigurationPlatforms) = preSolution
		Debug|Any CPU = Debug|Any CPU
		Release|Any CPU = Release|Any CPU
	EndGlobalSection
	GlobalSection(ProjectConfigurationPlatforms) = postSolution
		{B09C0FB8-8636-4A67-96CF-CAAFDA1897D0}.Debug|Any CPU.ActiveCfg = Debug|Any CPU
		{B09C0FB8-8636-4A67-96CF-CAAFDA1897D0}.Release|Any CPU.ActiveCfg = Release|Any CPU
		{B09C0FB8-8636-4A67-96CF-CAAFDA1897D0}.Release|Any CPU.Build.0 = Release|Any CPU
		{27B03EDA-C2A5-4C01-92A1-C01AAD86A2DF}.Debug|Any CPU.ActiveCfg = Debug|Any CPU
		{27B03EDA-C2A5-4C01-92A1-C01AAD86A2DF}.Debug|Any CPU.Build.0 = Debug|Any CPU
		{27B03EDA-C2A5-4C01-92A1-C01AAD86A2DF}.Release|Any CPU.ActiveCfg = Release|Any CPU
		{27B03EDA-C2A5-4C01-92A1-C01AAD86A2DF}.Release|Any CPU.Build.0 = Release|Any CPU
		{3781CE3F-652C-4BF4-8EFB-8C7BB159FE81}.Debug|Any CPU.ActiveCfg = Debug|Any CPU
		{3781CE3F-652C-4BF4-8EFB-8C7BB159FE81}.Debug|Any CPU.Build.0 = Debug|Any CPU
		{3781CE3F-652C-4BF4-8EFB-8C7BB159FE81}.Release|Any CPU.ActiveCfg = Release|Any CPU
		{3781CE3F-652C-4BF4-8EFB-8C7BB159FE81}.Release|Any CPU.Build.0 = Release|Any CPU
		{7BF1D5EF-7523-42B8-A9E0-A2653AFDD08B}.Debug|Any CPU.ActiveCfg = Debug|Any CPU
		{7BF1D5EF-7523-42B8-A9E0-A2653AFDD08B}.Debug|Any CPU.Build.0 = Debug|Any CPU
		{7BF1D5EF-7523-42B8-A9E0-A2653AFDD08B}.Release|Any CPU.ActiveCfg = Release|Any CPU
		{7BF1D5EF-7523-42B8-A9E0-A2653AFDD08B}.Release|Any CPU.Build.0 = Release|Any CPU
		{A6533589-BCE5-4375-BA9F-7E6465598F7F}.Debug|Any CPU.ActiveCfg = Debug|Any CPU
		{A6533589-BCE5-4375-BA9F-7E6465598F7F}.Debug|Any CPU.Build.0 = Debug|Any CPU
		{A6533589-BCE5-4375-BA9F-7E6465598F7F}.Release|Any CPU.ActiveCfg = Release|Any CPU
		{A6533589-BCE5-4375-BA9F-7E6465598F7F}.Release|Any CPU.Build.0 = Release|Any CPU
		{40CDCABF-8931-4A48-B7F2-79AE0D316F77}.Debug|Any CPU.ActiveCfg = Debug|Any CPU
		{40CDCABF-8931-4A48-B7F2-79AE0D316F77}.Debug|Any CPU.Build.0 = Debug|Any CPU
		{40CDCABF-8931-4A48-B7F2-79AE0D316F77}.Release|Any CPU.ActiveCfg = Release|Any CPU
		{40CDCABF-8931-4A48-B7F2-79AE0D316F77}.Release|Any CPU.Build.0 = Release|Any CPU
		{AB165174-7F8A-4FD9-ADD2-2ED7DE435393}.Debug|Any CPU.ActiveCfg = Debug|Any CPU
		{AB165174-7F8A-4FD9-ADD2-2ED7DE435393}.Debug|Any CPU.Build.0 = Debug|Any CPU
		{AB165174-7F8A-4FD9-ADD2-2ED7DE435393}.Release|Any CPU.ActiveCfg = Release|Any CPU
		{AB165174-7F8A-4FD9-ADD2-2ED7DE435393}.Release|Any CPU.Build.0 = Release|Any CPU
		{9D75119C-BE59-4952-8A75-F580DD898735}.Debug|Any CPU.ActiveCfg = Debug|Any CPU
		{9D75119C-BE59-4952-8A75-F580DD898735}.Debug|Any CPU.Build.0 = Debug|Any CPU
		{9D75119C-BE59-4952-8A75-F580DD898735}.Release|Any CPU.ActiveCfg = Release|Any CPU
		{9D75119C-BE59-4952-8A75-F580DD898735}.Release|Any CPU.Build.0 = Release|Any CPU
		{3F19636A-B2A9-4EE5-AB4C-0CFE43ABC18B}.Debug|Any CPU.ActiveCfg = Debug|Any CPU
		{3F19636A-B2A9-4EE5-AB4C-0CFE43ABC18B}.Debug|Any CPU.Build.0 = Debug|Any CPU
		{3F19636A-B2A9-4EE5-AB4C-0CFE43ABC18B}.Release|Any CPU.ActiveCfg = Release|Any CPU
		{3F19636A-B2A9-4EE5-AB4C-0CFE43ABC18B}.Release|Any CPU.Build.0 = Release|Any CPU
		{7FA2D4D3-4DA0-4FDA-8748-EED6DB7C3054}.Debug|Any CPU.ActiveCfg = Debug|Any CPU
		{7FA2D4D3-4DA0-4FDA-8748-EED6DB7C3054}.Debug|Any CPU.Build.0 = Debug|Any CPU
		{7FA2D4D3-4DA0-4FDA-8748-EED6DB7C3054}.Release|Any CPU.ActiveCfg = Release|Any CPU
		{7FA2D4D3-4DA0-4FDA-8748-EED6DB7C3054}.Release|Any CPU.Build.0 = Release|Any CPU
		{D8E6F244-0776-491F-BD2C-EDFAF9D02A6A}.Debug|Any CPU.ActiveCfg = Debug|Any CPU
		{D8E6F244-0776-491F-BD2C-EDFAF9D02A6A}.Debug|Any CPU.Build.0 = Debug|Any CPU
		{D8E6F244-0776-491F-BD2C-EDFAF9D02A6A}.Release|Any CPU.ActiveCfg = Release|Any CPU
		{D8E6F244-0776-491F-BD2C-EDFAF9D02A6A}.Release|Any CPU.Build.0 = Release|Any CPU
	EndGlobalSection
	GlobalSection(SolutionProperties) = preSolution
		HideSolutionNode = FALSE
	EndGlobalSection
	GlobalSection(NestedProjects) = preSolution
		{ADEA59B8-DAA2-4424-8F41-A647750BE958} = {AE7B53E1-78EC-41A3-A871-23809CF4794B}
		{B09C0FB8-8636-4A67-96CF-CAAFDA1897D0} = {ADEA59B8-DAA2-4424-8F41-A647750BE958}
		{BE745C03-42ED-493A-A8E5-DDE58399743D} = {AE7B53E1-78EC-41A3-A871-23809CF4794B}
		{27B03EDA-C2A5-4C01-92A1-C01AAD86A2DF} = {BE745C03-42ED-493A-A8E5-DDE58399743D}
		{3781CE3F-652C-4BF4-8EFB-8C7BB159FE81} = {08045DC4-94A6-4071-B6E7-79FC23D9905E}
		{DA449F3D-29FD-44F8-AACF-491671B1929A} = {AE7B53E1-78EC-41A3-A871-23809CF4794B}
		{A6533589-BCE5-4375-BA9F-7E6465598F7F} = {DA449F3D-29FD-44F8-AACF-491671B1929A}
		{02EA681E-C7D8-13C7-8484-4AC65E1B71E8} = {AE7B53E1-78EC-41A3-A871-23809CF4794B}
		{40CDCABF-8931-4A48-B7F2-79AE0D316F77} = {02EA681E-C7D8-13C7-8484-4AC65E1B71E8}
		{AB165174-7F8A-4FD9-ADD2-2ED7DE435393} = {02EA681E-C7D8-13C7-8484-4AC65E1B71E8}
		{9D75119C-BE59-4952-8A75-F580DD898735} = {02EA681E-C7D8-13C7-8484-4AC65E1B71E8}
		{3F19636A-B2A9-4EE5-AB4C-0CFE43ABC18B} = {02EA681E-C7D8-13C7-8484-4AC65E1B71E8}
		{7FA2D4D3-4DA0-4FDA-8748-EED6DB7C3054} = {08045DC4-94A6-4071-B6E7-79FC23D9905E}
		{D8E6F244-0776-491F-BD2C-EDFAF9D02A6A} = {E7118DC9-3D5E-443C-BD86-E86DEBBF22C3}
	EndGlobalSection
	GlobalSection(ExtensibilityGlobals) = postSolution
		SolutionGuid = {5A5CBB3C-535D-4D75-BF7C-6DA0E1C2B5FB}
	EndGlobalSection
EndGlobal
